# This file is automatically @generated by Cargo.
# It is not intended for manual editing.
version = 3

[[package]]
name = "simplestaticstring"
version = "0.1.0"
dependencies = [
 "simplestaticvec",
]

[[package]]
name = "simplestaticvec"
version = "0.1.0"
source = "git+ssh://git@github.com/mzoworka/simplestaticvec-rust.git#3c7e806a7695703ab3f4d8d0dc26426ef76dccbd"
