# This file is automatically @generated by Cargo.
# It is not intended for manual editing.
version = 3

[[package]]
name = "simplestaticstring"
version = "0.1.0"
dependencies = [
 "simplestaticvec",
]

[[package]]
name = "simplestaticvec"
version = "0.1.0"
source = "git+ssh://git@github.com/mzoworka/simplestaticvec-rust.git#0139de4dc1314fbb390d311034bb9a3d2620cae2"
