# This file is automatically @generated by Cargo.
# It is not intended for manual editing.
version = 3

[[package]]
name = "simplestaticstring"
version = "0.1.0"
dependencies = [
 "simplestaticvec",
]

[[package]]
name = "simplestaticvec"
version = "0.1.0"
source = "git+ssh://git@github.com/mzoworka/simplestaticvec-rust.git#7772e637c0ad1985477f3d02e5d1ac33b534dc3e"
